// !$*UTF8*$!
{
	archiveVersion = 1;
	classes = {
	};
	objectVersion = 46;
	objects = {

/* Begin PBXBuildFile section */
		7975AF3D1E15B0F40054522B /* AppDelegate.swift in Sources */ = {isa = PBXBuildFile; fileRef = 7975AF3C1E15B0F40054522B /* AppDelegate.swift */; };
		7975AF421E15B0F40054522B /* Main.storyboard in Resources */ = {isa = PBXBuildFile; fileRef = 7975AF401E15B0F40054522B /* Main.storyboard */; };
		7975AF441E15B0F40054522B /* Assets.xcassets in Resources */ = {isa = PBXBuildFile; fileRef = 7975AF431E15B0F40054522B /* Assets.xcassets */; };
		7975AF471E15B0F40054522B /* LaunchScreen.storyboard in Resources */ = {isa = PBXBuildFile; fileRef = 7975AF451E15B0F40054522B /* LaunchScreen.storyboard */; };
		7975AF521E15B0F50054522B /* Flo_CoreGraphicsTests.swift in Sources */ = {isa = PBXBuildFile; fileRef = 7975AF511E15B0F50054522B /* Flo_CoreGraphicsTests.swift */; };
		7975AF5D1E15B0F50054522B /* Flo_CoreGraphicsUITests.swift in Sources */ = {isa = PBXBuildFile; fileRef = 7975AF5C1E15B0F50054522B /* Flo_CoreGraphicsUITests.swift */; };
		7975AF6B1E15B1E50054522B /* Push-ButtonView.swift in Sources */ = {isa = PBXBuildFile; fileRef = 7975AF6A1E15B1E50054522B /* Push-ButtonView.swift */; };
		7975AF6D1E15B3AA0054522B /* ViewController.swift in Sources */ = {isa = PBXBuildFile; fileRef = 7975AF6C1E15B3AA0054522B /* ViewController.swift */; };
		7975AF6F1E15BF970054522B /* CounterView.swift in Sources */ = {isa = PBXBuildFile; fileRef = 7975AF6E1E15BF970054522B /* CounterView.swift */; };
		7975AF741E1778350054522B /* GraphView.swift in Sources */ = {isa = PBXBuildFile; fileRef = 7975AF731E1778340054522B /* GraphView.swift */; };
/* End PBXBuildFile section */

/* Begin PBXContainerItemProxy section */
		7975AF4E1E15B0F50054522B /* PBXContainerItemProxy */ = {
			isa = PBXContainerItemProxy;
			containerPortal = 7975AF311E15B0F40054522B /* Project object */;
			proxyType = 1;
			remoteGlobalIDString = 7975AF381E15B0F40054522B;
			remoteInfo = "Flo-CoreGraphics";
		};
		7975AF591E15B0F50054522B /* PBXContainerItemProxy */ = {
			isa = PBXContainerItemProxy;
			containerPortal = 7975AF311E15B0F40054522B /* Project object */;
			proxyType = 1;
			remoteGlobalIDString = 7975AF381E15B0F40054522B;
			remoteInfo = "Flo-CoreGraphics";
		};
/* End PBXContainerItemProxy section */

/* Begin PBXFileReference section */
		7975AF391E15B0F40054522B /* Flo-CoreGraphics.app */ = {isa = PBXFileReference; explicitFileType = wrapper.application; includeInIndex = 0; path = "Flo-CoreGraphics.app"; sourceTree = BUILT_PRODUCTS_DIR; };
		7975AF3C1E15B0F40054522B /* AppDelegate.swift */ = {isa = PBXFileReference; lastKnownFileType = sourcecode.swift; path = AppDelegate.swift; sourceTree = "<group>"; };
		7975AF411E15B0F40054522B /* Base */ = {isa = PBXFileReference; lastKnownFileType = file.storyboard; name = Base; path = Base.lproj/Main.storyboard; sourceTree = "<group>"; };
		7975AF431E15B0F40054522B /* Assets.xcassets */ = {isa = PBXFileReference; lastKnownFileType = folder.assetcatalog; path = Assets.xcassets; sourceTree = "<group>"; };
		7975AF461E15B0F40054522B /* Base */ = {isa = PBXFileReference; lastKnownFileType = file.storyboard; name = Base; path = Base.lproj/LaunchScreen.storyboard; sourceTree = "<group>"; };
		7975AF481E15B0F40054522B /* Info.plist */ = {isa = PBXFileReference; lastKnownFileType = text.plist.xml; path = Info.plist; sourceTree = "<group>"; };
		7975AF4D1E15B0F50054522B /* Flo-CoreGraphicsTests.xctest */ = {isa = PBXFileReference; explicitFileType = wrapper.cfbundle; includeInIndex = 0; path = "Flo-CoreGraphicsTests.xctest"; sourceTree = BUILT_PRODUCTS_DIR; };
		7975AF511E15B0F50054522B /* Flo_CoreGraphicsTests.swift */ = {isa = PBXFileReference; lastKnownFileType = sourcecode.swift; path = Flo_CoreGraphicsTests.swift; sourceTree = "<group>"; };
		7975AF531E15B0F50054522B /* Info.plist */ = {isa = PBXFileReference; lastKnownFileType = text.plist.xml; path = Info.plist; sourceTree = "<group>"; };
		7975AF581E15B0F50054522B /* Flo-CoreGraphicsUITests.xctest */ = {isa = PBXFileReference; explicitFileType = wrapper.cfbundle; includeInIndex = 0; path = "Flo-CoreGraphicsUITests.xctest"; sourceTree = BUILT_PRODUCTS_DIR; };
		7975AF5C1E15B0F50054522B /* Flo_CoreGraphicsUITests.swift */ = {isa = PBXFileReference; lastKnownFileType = sourcecode.swift; path = Flo_CoreGraphicsUITests.swift; sourceTree = "<group>"; };
		7975AF5E1E15B0F50054522B /* Info.plist */ = {isa = PBXFileReference; lastKnownFileType = text.plist.xml; path = Info.plist; sourceTree = "<group>"; };
		7975AF6A1E15B1E50054522B /* Push-ButtonView.swift */ = {isa = PBXFileReference; fileEncoding = 4; lastKnownFileType = sourcecode.swift; path = "Push-ButtonView.swift"; sourceTree = "<group>"; };
		7975AF6C1E15B3AA0054522B /* ViewController.swift */ = {isa = PBXFileReference; fileEncoding = 4; lastKnownFileType = sourcecode.swift; path = ViewController.swift; sourceTree = "<group>"; };
		7975AF6E1E15BF970054522B /* CounterView.swift */ = {isa = PBXFileReference; fileEncoding = 4; lastKnownFileType = sourcecode.swift; path = CounterView.swift; sourceTree = "<group>"; };
		7975AF731E1778340054522B /* GraphView.swift */ = {isa = PBXFileReference; fileEncoding = 4; lastKnownFileType = sourcecode.swift; path = GraphView.swift; sourceTree = "<group>"; };
/* End PBXFileReference section */

/* Begin PBXFrameworksBuildPhase section */
		7975AF361E15B0F40054522B /* Frameworks */ = {
			isa = PBXFrameworksBuildPhase;
			buildActionMask = 2147483647;
			files = (
			);
			runOnlyForDeploymentPostprocessing = 0;
		};
		7975AF4A1E15B0F50054522B /* Frameworks */ = {
			isa = PBXFrameworksBuildPhase;
			buildActionMask = 2147483647;
			files = (
			);
			runOnlyForDeploymentPostprocessing = 0;
		};
		7975AF551E15B0F50054522B /* Frameworks */ = {
			isa = PBXFrameworksBuildPhase;
			buildActionMask = 2147483647;
			files = (
			);
			runOnlyForDeploymentPostprocessing = 0;
		};
/* End PBXFrameworksBuildPhase section */

/* Begin PBXGroup section */
		7975AF301E15B0F40054522B = {
			isa = PBXGroup;
			children = (
				7975AF3B1E15B0F40054522B /* Flo-CoreGraphics */,
				7975AF501E15B0F50054522B /* Flo-CoreGraphicsTests */,
				7975AF5B1E15B0F50054522B /* Flo-CoreGraphicsUITests */,
				7975AF3A1E15B0F40054522B /* Products */,
			);
			sourceTree = "<group>";
		};
		7975AF3A1E15B0F40054522B /* Products */ = {
			isa = PBXGroup;
			children = (
				7975AF391E15B0F40054522B /* Flo-CoreGraphics.app */,
				7975AF4D1E15B0F50054522B /* Flo-CoreGraphicsTests.xctest */,
				7975AF581E15B0F50054522B /* Flo-CoreGraphicsUITests.xctest */,
			);
			name = Products;
			sourceTree = "<group>";
		};
		7975AF3B1E15B0F40054522B /* Flo-CoreGraphics */ = {
			isa = PBXGroup;
			children = (
				7975AF3C1E15B0F40054522B /* AppDelegate.swift */,
				7975AF401E15B0F40054522B /* Main.storyboard */,
				7975AF431E15B0F40054522B /* Assets.xcassets */,
				7975AF451E15B0F40054522B /* LaunchScreen.storyboard */,
				7975AF481E15B0F40054522B /* Info.plist */,
				7975AF6A1E15B1E50054522B /* Push-ButtonView.swift */,
				7975AF6C1E15B3AA0054522B /* ViewController.swift */,
				7975AF6E1E15BF970054522B /* CounterView.swift */,
				7975AF731E1778340054522B /* GraphView.swift */,
			);
			path = "Flo-CoreGraphics";
			sourceTree = "<group>";
		};
		7975AF501E15B0F50054522B /* Flo-CoreGraphicsTests */ = {
			isa = PBXGroup;
			children = (
				7975AF511E15B0F50054522B /* Flo_CoreGraphicsTests.swift */,
				7975AF531E15B0F50054522B /* Info.plist */,
			);
			path = "Flo-CoreGraphicsTests";
			sourceTree = "<group>";
		};
		7975AF5B1E15B0F50054522B /* Flo-CoreGraphicsUITests */ = {
			isa = PBXGroup;
			children = (
				7975AF5C1E15B0F50054522B /* Flo_CoreGraphicsUITests.swift */,
				7975AF5E1E15B0F50054522B /* Info.plist */,
			);
			path = "Flo-CoreGraphicsUITests";
			sourceTree = "<group>";
		};
/* End PBXGroup section */

/* Begin PBXNativeTarget section */
		7975AF381E15B0F40054522B /* Flo-CoreGraphics */ = {
			isa = PBXNativeTarget;
			buildConfigurationList = 7975AF611E15B0F50054522B /* Build configuration list for PBXNativeTarget "Flo-CoreGraphics" */;
			buildPhases = (
				7975AF351E15B0F40054522B /* Sources */,
				7975AF361E15B0F40054522B /* Frameworks */,
				7975AF371E15B0F40054522B /* Resources */,
			);
			buildRules = (
			);
			dependencies = (
			);
			name = "Flo-CoreGraphics";
			productName = "Flo-CoreGraphics";
			productReference = 7975AF391E15B0F40054522B /* Flo-CoreGraphics.app */;
			productType = "com.apple.product-type.application";
		};
		7975AF4C1E15B0F50054522B /* Flo-CoreGraphicsTests */ = {
			isa = PBXNativeTarget;
			buildConfigurationList = 7975AF641E15B0F50054522B /* Build configuration list for PBXNativeTarget "Flo-CoreGraphicsTests" */;
			buildPhases = (
				7975AF491E15B0F50054522B /* Sources */,
				7975AF4A1E15B0F50054522B /* Frameworks */,
				7975AF4B1E15B0F50054522B /* Resources */,
			);
			buildRules = (
			);
			dependencies = (
				7975AF4F1E15B0F50054522B /* PBXTargetDependency */,
			);
			name = "Flo-CoreGraphicsTests";
			productName = "Flo-CoreGraphicsTests";
			productReference = 7975AF4D1E15B0F50054522B /* Flo-CoreGraphicsTests.xctest */;
			productType = "com.apple.product-type.bundle.unit-test";
		};
		7975AF571E15B0F50054522B /* Flo-CoreGraphicsUITests */ = {
			isa = PBXNativeTarget;
			buildConfigurationList = 7975AF671E15B0F50054522B /* Build configuration list for PBXNativeTarget "Flo-CoreGraphicsUITests" */;
			buildPhases = (
				7975AF541E15B0F50054522B /* Sources */,
				7975AF551E15B0F50054522B /* Frameworks */,
				7975AF561E15B0F50054522B /* Resources */,
			);
			buildRules = (
			);
			dependencies = (
				7975AF5A1E15B0F50054522B /* PBXTargetDependency */,
			);
			name = "Flo-CoreGraphicsUITests";
			productName = "Flo-CoreGraphicsUITests";
			productReference = 7975AF581E15B0F50054522B /* Flo-CoreGraphicsUITests.xctest */;
			productType = "com.apple.product-type.bundle.ui-testing";
		};
/* End PBXNativeTarget section */

/* Begin PBXProject section */
		7975AF311E15B0F40054522B /* Project object */ = {
			isa = PBXProject;
			attributes = {
				LastSwiftUpdateCheck = 0820;
				LastUpgradeCheck = 0820;
				ORGANIZATIONNAME = ChristopherMoore;
				TargetAttributes = {
					7975AF381E15B0F40054522B = {
						CreatedOnToolsVersion = 8.2.1;
						DevelopmentTeam = 6W97WT4N63;
						ProvisioningStyle = Automatic;
					};
					7975AF4C1E15B0F50054522B = {
						CreatedOnToolsVersion = 8.2.1;
						DevelopmentTeam = 6W97WT4N63;
						ProvisioningStyle = Automatic;
						TestTargetID = 7975AF381E15B0F40054522B;
					};
					7975AF571E15B0F50054522B = {
						CreatedOnToolsVersion = 8.2.1;
						DevelopmentTeam = 6W97WT4N63;
						ProvisioningStyle = Automatic;
						TestTargetID = 7975AF381E15B0F40054522B;
					};
				};
			};
			buildConfigurationList = 7975AF341E15B0F40054522B /* Build configuration list for PBXProject "Flo-CoreGraphics" */;
			compatibilityVersion = "Xcode 3.2";
			developmentRegion = English;
			hasScannedForEncodings = 0;
			knownRegions = (
				en,
				Base,
			);
			mainGroup = 7975AF301E15B0F40054522B;
			productRefGroup = 7975AF3A1E15B0F40054522B /* Products */;
			projectDirPath = "";
			projectRoot = "";
			targets = (
				7975AF381E15B0F40054522B /* Flo-CoreGraphics */,
				7975AF4C1E15B0F50054522B /* Flo-CoreGraphicsTests */,
				7975AF571E15B0F50054522B /* Flo-CoreGraphicsUITests */,
			);
		};
/* End PBXProject section */

/* Begin PBXResourcesBuildPhase section */
		7975AF371E15B0F40054522B /* Resources */ = {
			isa = PBXResourcesBuildPhase;
			buildActionMask = 2147483647;
			files = (
				7975AF471E15B0F40054522B /* LaunchScreen.storyboard in Resources */,
				7975AF441E15B0F40054522B /* Assets.xcassets in Resources */,
				7975AF421E15B0F40054522B /* Main.storyboard in Resources */,
			);
			runOnlyForDeploymentPostprocessing = 0;
		};
		7975AF4B1E15B0F50054522B /* Resources */ = {
			isa = PBXResourcesBuildPhase;
			buildActionMask = 2147483647;
			files = (
			);
			runOnlyForDeploymentPostprocessing = 0;
		};
		7975AF561E15B0F50054522B /* Resources */ = {
			isa = PBXResourcesBuildPhase;
			buildActionMask = 2147483647;
			files = (
			);
			runOnlyForDeploymentPostprocessing = 0;
		};
/* End PBXResourcesBuildPhase section */

/* Begin PBXSourcesBuildPhase section */
		7975AF351E15B0F40054522B /* Sources */ = {
			isa = PBXSourcesBuildPhase;
			buildActionMask = 2147483647;
			files = (
				7975AF741E1778350054522B /* GraphView.swift in Sources */,
				7975AF6D1E15B3AA0054522B /* ViewController.swift in Sources */,
				7975AF6B1E15B1E50054522B /* Push-ButtonView.swift in Sources */,
				7975AF3D1E15B0F40054522B /* AppDelegate.swift in Sources */,
				7975AF6F1E15BF970054522B /* CounterView.swift in Sources */,
			);
			runOnlyForDeploymentPostprocessing = 0;
		};
		7975AF491E15B0F50054522B /* Sources */ = {
			isa = PBXSourcesBuildPhase;
			buildActionMask = 2147483647;
			files = (
				7975AF521E15B0F50054522B /* Flo_CoreGraphicsTests.swift in Sources */,
			);
			runOnlyForDeploymentPostprocessing = 0;
		};
		7975AF541E15B0F50054522B /* Sources */ = {
			isa = PBXSourcesBuildPhase;
			buildActionMask = 2147483647;
			files = (
				7975AF5D1E15B0F50054522B /* Flo_CoreGraphicsUITests.swift in Sources */,
			);
			runOnlyForDeploymentPostprocessing = 0;
		};
/* End PBXSourcesBuildPhase section */

/* Begin PBXTargetDependency section */
		7975AF4F1E15B0F50054522B /* PBXTargetDependency */ = {
			isa = PBXTargetDependency;
			target = 7975AF381E15B0F40054522B /* Flo-CoreGraphics */;
			targetProxy = 7975AF4E1E15B0F50054522B /* PBXContainerItemProxy */;
		};
		7975AF5A1E15B0F50054522B /* PBXTargetDependency */ = {
			isa = PBXTargetDependency;
			target = 7975AF381E15B0F40054522B /* Flo-CoreGraphics */;
			targetProxy = 7975AF591E15B0F50054522B /* PBXContainerItemProxy */;
		};
/* End PBXTargetDependency section */

/* Begin PBXVariantGroup section */
		7975AF401E15B0F40054522B /* Main.storyboard */ = {
			isa = PBXVariantGroup;
			children = (
				7975AF411E15B0F40054522B /* Base */,
			);
			name = Main.storyboard;
			sourceTree = "<group>";
		};
		7975AF451E15B0F40054522B /* LaunchScreen.storyboard */ = {
			isa = PBXVariantGroup;
			children = (
				7975AF461E15B0F40054522B /* Base */,
			);
			name = LaunchScreen.storyboard;
			sourceTree = "<group>";
		};
/* End PBXVariantGroup section */

/* Begin XCBuildConfiguration section */
		7975AF5F1E15B0F50054522B /* Debug */ = {
			isa = XCBuildConfiguration;
			buildSettings = {
				ALWAYS_SEARCH_USER_PATHS = NO;
				CLANG_ANALYZER_NONNULL = YES;
				CLANG_CXX_LANGUAGE_STANDARD = "gnu++0x";
				CLANG_CXX_LIBRARY = "libc++";
				CLANG_ENABLE_MODULES = YES;
				CLANG_ENABLE_OBJC_ARC = YES;
				CLANG_WARN_BOOL_CONVERSION = YES;
				CLANG_WARN_CONSTANT_CONVERSION = YES;
				CLANG_WARN_DIRECT_OBJC_ISA_USAGE = YES_ERROR;
				CLANG_WARN_DOCUMENTATION_COMMENTS = YES;
				CLANG_WARN_EMPTY_BODY = YES;
				CLANG_WARN_ENUM_CONVERSION = YES;
				CLANG_WARN_INFINITE_RECURSION = YES;
				CLANG_WARN_INT_CONVERSION = YES;
				CLANG_WARN_OBJC_ROOT_CLASS = YES_ERROR;
				CLANG_WARN_SUSPICIOUS_MOVE = YES;
				CLANG_WARN_UNREACHABLE_CODE = YES;
				CLANG_WARN__DUPLICATE_METHOD_MATCH = YES;
				"CODE_SIGN_IDENTITY[sdk=iphoneos*]" = "iPhone Developer";
				COPY_PHASE_STRIP = NO;
				DEBUG_INFORMATION_FORMAT = dwarf;
				ENABLE_STRICT_OBJC_MSGSEND = YES;
				ENABLE_TESTABILITY = YES;
				GCC_C_LANGUAGE_STANDARD = gnu99;
				GCC_DYNAMIC_NO_PIC = NO;
				GCC_NO_COMMON_BLOCKS = YES;
				GCC_OPTIMIZATION_LEVEL = 0;
				GCC_PREPROCESSOR_DEFINITIONS = (
					"DEBUG=1",
					"$(inherited)",
				);
				GCC_WARN_64_TO_32_BIT_CONVERSION = YES;
				GCC_WARN_ABOUT_RETURN_TYPE = YES_ERROR;
				GCC_WARN_UNDECLARED_SELECTOR = YES;
				GCC_WARN_UNINITIALIZED_AUTOS = YES_AGGRESSIVE;
				GCC_WARN_UNUSED_FUNCTION = YES;
				GCC_WARN_UNUSED_VARIABLE = YES;
				IPHONEOS_DEPLOYMENT_TARGET = 10.2;
				MTL_ENABLE_DEBUG_INFO = YES;
				ONLY_ACTIVE_ARCH = YES;
				SDKROOT = iphoneos;
				SWIFT_ACTIVE_COMPILATION_CONDITIONS = DEBUG;
				SWIFT_OPTIMIZATION_LEVEL = "-Onone";
			};
			name = Debug;
		};
		7975AF601E15B0F50054522B /* Release */ = {
			isa = XCBuildConfiguration;
			buildSettings = {
				ALWAYS_SEARCH_USER_PATHS = NO;
				CLANG_ANALYZER_NONNULL = YES;
				CLANG_CXX_LANGUAGE_STANDARD = "gnu++0x";
				CLANG_CXX_LIBRARY = "libc++";
				CLANG_ENABLE_MODULES = YES;
				CLANG_ENABLE_OBJC_ARC = YES;
				CLANG_WARN_BOOL_CONVERSION = YES;
				CLANG_WARN_CONSTANT_CONVERSION = YES;
				CLANG_WARN_DIRECT_OBJC_ISA_USAGE = YES_ERROR;
				CLANG_WARN_DOCUMENTATION_COMMENTS = YES;
				CLANG_WARN_EMPTY_BODY = YES;
				CLANG_WARN_ENUM_CONVERSION = YES;
				CLANG_WARN_INFINITE_RECURSION = YES;
				CLANG_WARN_INT_CONVERSION = YES;
				CLANG_WARN_OBJC_ROOT_CLASS = YES_ERROR;
				CLANG_WARN_SUSPICIOUS_MOVE = YES;
				CLANG_WARN_UNREACHABLE_CODE = YES;
				CLANG_WARN__DUPLICATE_METHOD_MATCH = YES;
				"CODE_SIGN_IDENTITY[sdk=iphoneos*]" = "iPhone Developer";
				COPY_PHASE_STRIP = NO;
				DEBUG_INFORMATION_FORMAT = "dwarf-with-dsym";
				ENABLE_NS_ASSERTIONS = NO;
				ENABLE_STRICT_OBJC_MSGSEND = YES;
				GCC_C_LANGUAGE_STANDARD = gnu99;
				GCC_NO_COMMON_BLOCKS = YES;
				GCC_WARN_64_TO_32_BIT_CONVERSION = YES;
				GCC_WARN_ABOUT_RETURN_TYPE = YES_ERROR;
				GCC_WARN_UNDECLARED_SELECTOR = YES;
				GCC_WARN_UNINITIALIZED_AUTOS = YES_AGGRESSIVE;
				GCC_WARN_UNUSED_FUNCTION = YES;
				GCC_WARN_UNUSED_VARIABLE = YES;
				IPHONEOS_DEPLOYMENT_TARGET = 10.2;
				MTL_ENABLE_DEBUG_INFO = NO;
				SDKROOT = iphoneos;
				SWIFT_OPTIMIZATION_LEVEL = "-Owholemodule";
				VALIDATE_PRODUCT = YES;
			};
			name = Release;
		};
		7975AF621E15B0F50054522B /* Debug */ = {
			isa = XCBuildConfiguration;
			buildSettings = {
				ASSETCATALOG_COMPILER_APPICON_NAME = AppIcon;
				DEVELOPMENT_TEAM = 6W97WT4N63;
				INFOPLIST_FILE = "Flo-CoreGraphics/Info.plist";
				LD_RUNPATH_SEARCH_PATHS = "$(inherited) @executable_path/Frameworks";
				PRODUCT_BUNDLE_IDENTIFIER = "me.Flo-CoreGraphics";
				PRODUCT_NAME = "$(TARGET_NAME)";
				SWIFT_VERSION = 3.0;
			};
			name = Debug;
		};
		7975AF631E15B0F50054522B /* Release */ = {
			isa = XCBuildConfiguration;
			buildSettings = {
				ASSETCATALOG_COMPILER_APPICON_NAME = AppIcon;
				DEVELOPMENT_TEAM = 6W97WT4N63;
				INFOPLIST_FILE = "Flo-CoreGraphics/Info.plist";
				LD_RUNPATH_SEARCH_PATHS = "$(inherited) @executable_path/Frameworks";
				PRODUCT_BUNDLE_IDENTIFIER = "me.Flo-CoreGraphics";
				PRODUCT_NAME = "$(TARGET_NAME)";
				SWIFT_VERSION = 3.0;
			};
			name = Release;
		};
		7975AF651E15B0F50054522B /* Debug */ = {
			isa = XCBuildConfiguration;
			buildSettings = {
				ALWAYS_EMBED_SWIFT_STANDARD_LIBRARIES = YES;
				BUNDLE_LOADER = "$(TEST_HOST)";
				DEVELOPMENT_TEAM = 6W97WT4N63;
				INFOPLIST_FILE = "Flo-CoreGraphicsTests/Info.plist";
				LD_RUNPATH_SEARCH_PATHS = "$(inherited) @executable_path/Frameworks @loader_path/Frameworks";
				PRODUCT_BUNDLE_IDENTIFIER = "me.Flo-CoreGraphicsTests";
				PRODUCT_NAME = "$(TARGET_NAME)";
				SWIFT_VERSION = 3.0;
				TEST_HOST = "$(BUILT_PRODUCTS_DIR)/Flo-CoreGraphics.app/Flo-CoreGraphics";
			};
			name = Debug;
		};
		7975AF661E15B0F50054522B /* Release */ = {
			isa = XCBuildConfiguration;
			buildSettings = {
				ALWAYS_EMBED_SWIFT_STANDARD_LIBRARIES = YES;
				BUNDLE_LOADER = "$(TEST_HOST)";
				DEVELOPMENT_TEAM = 6W97WT4N63;
				INFOPLIST_FILE = "Flo-CoreGraphicsTests/Info.plist";
				LD_RUNPATH_SEARCH_PATHS = "$(inherited) @executable_path/Frameworks @loader_path/Frameworks";
				PRODUCT_BUNDLE_IDENTIFIER = "me.Flo-CoreGraphicsTests";
				PRODUCT_NAME = "$(TARGET_NAME)";
				SWIFT_VERSION = 3.0;
				TEST_HOST = "$(BUILT_PRODUCTS_DIR)/Flo-CoreGraphics.app/Flo-CoreGraphics";
			};
			name = Release;
		};
		7975AF681E15B0F50054522B /* Debug */ = {
			isa = XCBuildConfiguration;
			buildSettings = {
				ALWAYS_EMBED_SWIFT_STANDARD_LIBRARIES = YES;
				DEVELOPMENT_TEAM = 6W97WT4N63;
				INFOPLIST_FILE = "Flo-CoreGraphicsUITests/Info.plist";
				LD_RUNPATH_SEARCH_PATHS = "$(inherited) @executable_path/Frameworks @loader_path/Frameworks";
				PRODUCT_BUNDLE_IDENTIFIER = "me.Flo-CoreGraphicsUITests";
				PRODUCT_NAME = "$(TARGET_NAME)";
				SWIFT_VERSION = 3.0;
				TEST_TARGET_NAME = "Flo-CoreGraphics";
			};
			name = Debug;
		};
		7975AF691E15B0F50054522B /* Release */ = {
			isa = XCBuildConfiguration;
			buildSettings = {
				ALWAYS_EMBED_SWIFT_STANDARD_LIBRARIES = YES;
				DEVELOPMENT_TEAM = 6W97WT4N63;
				INFOPLIST_FILE = "Flo-CoreGraphicsUITests/Info.plist";
				LD_RUNPATH_SEARCH_PATHS = "$(inherited) @executable_path/Frameworks @loader_path/Frameworks";
				PRODUCT_BUNDLE_IDENTIFIER = "me.Flo-CoreGraphicsUITests";
				PRODUCT_NAME = "$(TARGET_NAME)";
				SWIFT_VERSION = 3.0;
				TEST_TARGET_NAME = "Flo-CoreGraphics";
			};
			name = Release;
		};
/* End XCBuildConfiguration section */

/* Begin XCConfigurationList section */
		7975AF341E15B0F40054522B /* Build configuration list for PBXProject "Flo-CoreGraphics" */ = {
			isa = XCConfigurationList;
			buildConfigurations = (
				7975AF5F1E15B0F50054522B /* Debug */,
				7975AF601E15B0F50054522B /* Release */,
			);
			defaultConfigurationIsVisible = 0;
			defaultConfigurationName = Release;
		};
		7975AF611E15B0F50054522B /* Build configuration list for PBXNativeTarget "Flo-CoreGraphics" */ = {
			isa = XCConfigurationList;
			buildConfigurations = (
				7975AF621E15B0F50054522B /* Debug */,
				7975AF631E15B0F50054522B /* Release */,
			);
			defaultConfigurationIsVisible = 0;
		};
		7975AF641E15B0F50054522B /* Build configuration list for PBXNativeTarget "Flo-CoreGraphicsTests" */ = {
			isa = XCConfigurationList;
			buildConfigurations = (
				7975AF651E15B0F50054522B /* Debug */,
				7975AF661E15B0F50054522B /* Release */,
			);
			defaultConfigurationIsVisible = 0;
		};
		7975AF671E15B0F50054522B /* Build configuration list for PBXNativeTarget "Flo-CoreGraphicsUITests" */ = {
			isa = XCConfigurationList;
			buildConfigurations = (
				7975AF681E15B0F50054522B /* Debug */,
				7975AF691E15B0F50054522B /* Release */,
			);
			defaultConfigurationIsVisible = 0;
		};
/* End XCConfigurationList section */
	};
	rootObject = 7975AF311E15B0F40054522B /* Project object */;
}
